
Microsoft Visual Studio Solution File, Format Version 12.00
# Visual Studio Version 17
VisualStudioVersion = 17.2.32616.157
MinimumVisualStudioVersion = 10.0.40219.1
Project("{FAE04EC0-301F-11D3-BF4B-00C04F79EFBC}") = "07.07.22", "07.07.22\07.07.22.csproj", "{8CC30534-A965-4647-914E-0D978A1838D7}"
EndProject
Global
	GlobalSection(SolutionConfigurationPlatforms) = preSolution
		Debug|Any CPU = Debug|Any CPU
		Release|Any CPU = Release|Any CPU
	EndGlobalSection
	GlobalSection(ProjectConfigurationPlatforms) = postSolution
		{8CC30534-A965-4647-914E-0D978A1838D7}.Debug|Any CPU.ActiveCfg = Debug|Any CPU
		{8CC30534-A965-4647-914E-0D978A1838D7}.Debug|Any CPU.Build.0 = Debug|Any CPU
		{8CC30534-A965-4647-914E-0D978A1838D7}.Release|Any CPU.ActiveCfg = Release|Any CPU
		{8CC30534-A965-4647-914E-0D978A1838D7}.Release|Any CPU.Build.0 = Release|Any CPU
	EndGlobalSection
	GlobalSection(SolutionProperties) = preSolution
		HideSolutionNode = FALSE
	EndGlobalSection
	GlobalSection(ExtensibilityGlobals) = postSolution
		SolutionGuid = {732B044B-B198-415F-92F9-C1211BE02C6A}
	EndGlobalSection
EndGlobal
